
Microsoft Visual Studio Solution File, Format Version 12.00
# Visual Studio Version 17
VisualStudioVersion = 17.7.34031.279
MinimumVisualStudioVersion = 10.0.40219.1
Project("{FAE04EC0-301F-11D3-BF4B-00C04F79EFBC}") = "231125_SFML.Net_Framework", "231125_SFML.Net_Framework\231125_SFML.Net_Framework.csproj", "{02E8D4EA-ACE2-47D5-B1F3-AFC6EC444985}"
EndProject
Global
	GlobalSection(SolutionConfigurationPlatforms) = preSolution
		Debug|Any CPU = Debug|Any CPU
		Debug|x64 = Debug|x64
		Release|Any CPU = Release|Any CPU
		Release|x64 = Release|x64
	EndGlobalSection
	GlobalSection(ProjectConfigurationPlatforms) = postSolution
		{02E8D4EA-ACE2-47D5-B1F3-AFC6EC444985}.Debug|Any CPU.ActiveCfg = Debug|Any CPU
		{02E8D4EA-ACE2-47D5-B1F3-AFC6EC444985}.Debug|Any CPU.Build.0 = Debug|Any CPU
		{02E8D4EA-ACE2-47D5-B1F3-AFC6EC444985}.Debug|x64.ActiveCfg = Release|x64
		{02E8D4EA-ACE2-47D5-B1F3-AFC6EC444985}.Debug|x64.Build.0 = Release|x64
		{02E8D4EA-ACE2-47D5-B1F3-AFC6EC444985}.Release|Any CPU.ActiveCfg = Release|Any CPU
		{02E8D4EA-ACE2-47D5-B1F3-AFC6EC444985}.Release|Any CPU.Build.0 = Release|Any CPU
		{02E8D4EA-ACE2-47D5-B1F3-AFC6EC444985}.Release|x64.ActiveCfg = Release|x64
		{02E8D4EA-ACE2-47D5-B1F3-AFC6EC444985}.Release|x64.Build.0 = Release|x64
	EndGlobalSection
	GlobalSection(SolutionProperties) = preSolution
		HideSolutionNode = FALSE
	EndGlobalSection
	GlobalSection(ExtensibilityGlobals) = postSolution
		SolutionGuid = {60719488-66FB-4B6A-AAAB-CBA3FF3B45E5}
	EndGlobalSection
EndGlobal
